
Microsoft Visual Studio Solution File, Format Version 12.00
# Visual Studio Version 17
VisualStudioVersion = 17.13.35931.197 d17.13
MinimumVisualStudioVersion = 10.0.40219.1
Project("{FAE04EC0-301F-11D3-BF4B-00C04F79EFBC}") = "Sakuban", "Sakuban.csproj", "{97618441-B0D0-4EFD-B59C-66910A45349B}"
EndProject
Global
	GlobalSection(SolutionConfigurationPlatforms) = preSolution
		Debug|Any CPU = Debug|Any CPU
		Release|Any CPU = Release|Any CPU
	EndGlobalSection
	GlobalSection(ProjectConfigurationPlatforms) = postSolution
		{97618441-B0D0-4EFD-B59C-66910A45349B}.Debug|Any CPU.ActiveCfg = Debug|Any CPU
		{97618441-B0D0-4EFD-B59C-66910A45349B}.Debug|Any CPU.Build.0 = Debug|Any CPU
		{97618441-B0D0-4EFD-B59C-66910A45349B}.Release|Any CPU.ActiveCfg = Release|Any CPU
		{97618441-B0D0-4EFD-B59C-66910A45349B}.Release|Any CPU.Build.0 = Release|Any CPU
	EndGlobalSection
	GlobalSection(SolutionProperties) = preSolution
		HideSolutionNode = FALSE
	EndGlobalSection
	GlobalSection(ExtensibilityGlobals) = postSolution
		SolutionGuid = {A477C5FE-CE81-47C5-8ED4-4DC4EB38CC0E}
	EndGlobalSection
EndGlobal
